
Microsoft Visual Studio Solution File, Format Version 12.00
# Visual Studio 15
VisualStudioVersion = 15.0.27703.2026
MinimumVisualStudioVersion = 10.0.40219.1
Project("{FAE04EC0-301F-11D3-BF4B-00C04F79EFBC}") = "StockQuoteDownloader", "StockQuoteDownloader\StockQuoteDownloader.csproj", "{0EE9F229-1E37-4974-B8A0-AB3DC3A5C805}"
EndProject
Global
	GlobalSection(SolutionConfigurationPlatforms) = preSolution
		Debug|Any CPU = Debug|Any CPU
		Release|Any CPU = Release|Any CPU
	EndGlobalSection
	GlobalSection(ProjectConfigurationPlatforms) = postSolution
		{0EE9F229-1E37-4974-B8A0-AB3DC3A5C805}.Debug|Any CPU.ActiveCfg = Debug|Any CPU
		{0EE9F229-1E37-4974-B8A0-AB3DC3A5C805}.Debug|Any CPU.Build.0 = Debug|Any CPU
		{0EE9F229-1E37-4974-B8A0-AB3DC3A5C805}.Release|Any CPU.ActiveCfg = Release|Any CPU
		{0EE9F229-1E37-4974-B8A0-AB3DC3A5C805}.Release|Any CPU.Build.0 = Release|Any CPU
	EndGlobalSection
	GlobalSection(SolutionProperties) = preSolution
		HideSolutionNode = FALSE
	EndGlobalSection
	GlobalSection(ExtensibilityGlobals) = postSolution
		SolutionGuid = {BD3435D6-69BB-4E66-8FED-1F5EAE0E8059}
	EndGlobalSection
EndGlobal
